{
  "nodes": {
    "dms": {
      "inputs": {
        "flake-compat": "flake-compat",
        "nixpkgs": [
          "nixpkgs"
        ]
      },
      "locked": {
        "lastModified": 1785111455,
        "narHash": "sha256-aTNuC9NDBnYAeEtFsleeUwmGX3AZlKOutbl+LQRPkmQ=",
        "owner": "AvengeMedia",
        "repo": "DankMaterialShell",
        "rev": "069ddab041c738236a8910e4c39b65d9628d3018",
        "type": "github"
      },
      "original": {
        "owner": "AvengeMedia",
        "ref": "stable",
        "repo": "DankMaterialShell",
        "type": "github"
      }
    },
    "fcclientPkg": {
      "flake": false,
      "locked": {
        "lastModified": 1786772870,
        "narHash": "sha256-C8cqEFjel6p/YkjkjhkPbXr+OBHi1AxE6KiNSTO0lMM=",
        "path": "/home/ran/Documents/nix-packaging/fcclient",
        "type": "path"
      },
      "original": {
        "path": "/home/ran/Documents/nix-packaging/fcclient",
        "type": "path"
      }
    },
    "flake-compat": {
      "flake": false,
      "locked": {
        "lastModified": 1767039857,
        "narHash": "sha256-vNpUSpF5Nuw8xvDLj2KCwwksIbjua2LZCqhV1LNRDns=",
        "owner": "NixOS",
        "repo": "flake-compat",
        "rev": "5edf11c44bc78a0d334f6334cdaf7d60d732daab",
        "type": "github"
      },
      "original": {
        "owner": "NixOS",
        "repo": "flake-compat",
        "type": "github"
      }
    },
    "hm-ran": {
      "inputs": {
        "home-manager": "home-manager",
        "nixpkgs": [
          "nixpkgs"
        ]
      },
      "locked": {
        "lastModified": 1786734545,
        "narHash": "sha256-brlwQKwyZexOO7kI8DEhUB0xiDc8T3LAEGo/S/eX3ik=",
        "path": "/home/ran/.config/home-manager",
        "type": "path"
      },
      "original": {
        "path": "/home/ran/.config/home-manager",
        "type": "path"
      }
    },
    "home-manager": {
      "inputs": {
        "nixpkgs": [
          "hm-ran",
          "nixpkgs"
        ]
      },
      "locked": {
        "lastModified": 1786031233,
        "narHash": "sha256-TIDlLTLI1/pB7IqgjzcKQjpODQsZE2oII4XGG9B6KjI=",
        "owner": "nix-community",
        "repo": "home-manager",
        "rev": "7834e82588860aaf780cec1366524456a70898d7",
        "type": "github"
      },
      "original": {
        "owner": "nix-community",
        "repo": "home-manager",
        "type": "github"
      }
    },
    "home-manager_2": {
      "inputs": {
        "nixpkgs": [
          "nixpkgs"
        ]
      },
      "locked": {
        "lastModified": 1786656209,
        "narHash": "sha256-ybGtuwGKTUCefKYsplzvw4xcCqznto0c7BaiQhgILtA=",
        "owner": "nix-community",
        "repo": "home-manager",
        "rev": "c554d3441f725537854e877519f01cbd60680174",
        "type": "github"
      },
      "original": {
        "owner": "nix-community",
        "repo": "home-manager",
        "type": "github"
      }
    },
    "nixpkgs": {
      "locked": {
        "lastModified": 1786599213,
        "narHash": "sha256-yNJd40f11EzXBjSByCB7IPpeFFAdeoSKKM67dGkfFoU=",
        "owner": "NixOS",
        "repo": "nixpkgs",
        "rev": "0e251e24a4f24e036a084b6b4b2d2491af4167f4",
        "type": "github"
      },
      "original": {
        "owner": "NixOS",
        "ref": "nixos-unstable",
        "repo": "nixpkgs",
        "type": "github"
      }
    },
    "root": {
      "inputs": {
        "dms": "dms",
        "fcclientPkg": "fcclientPkg",
        "hm-ran": "hm-ran",
        "home-manager": "home-manager_2",
        "nixpkgs": "nixpkgs",
        "secrets": "secrets"
      }
    },
    "secrets": {
      "flake": false,
      "locked": {
        "lastModified": 1786775775,
        "narHash": "sha256-qmzUpvDHzr3GUVPiw2XgSSKDszR55n7w7hXtteNK1ug=",
        "path": "/home/ran/Documents/nix-secrets",
        "type": "path"
      },
      "original": {
        "path": "/home/ran/Documents/nix-secrets",
        "type": "path"
      }
    }
  },
  "root": "root",
  "version": 7
}
